
Microsoft Visual Studio Solution File, Format Version 12.00
# Visual Studio Version 17
VisualStudioVersion = 17.11.35208.52
MinimumVisualStudioVersion = 10.0.40219.1
Project("{8BC9CEB8-8B4A-11D0-8D11-00A0C91BC942}") = "random-numbers", "random-numbers\random-numbers.vcxproj", "{E7660C5D-9ED6-4473-BE5B-0F7B3B1B6126}"
EndProject
Project("{8BC9CEB8-8B4A-11D0-8D11-00A0C91BC942}") = "bubble-sort", "bubble-sort\bubble-sort.vcxproj", "{82551DBA-6806-42D7-A6EB-C37A49AFF68A}"
EndProject
Project("{8BC9CEB8-8B4A-11D0-8D11-00A0C91BC942}") = "exploring-classes", "exploring-classes\exploring-classes.vcxproj", "{B07F7280-1E1C-4679-952C-7065899F428A}"
EndProject
Project("{8BC9CEB8-8B4A-11D0-8D11-00A0C91BC942}") = "exploring-polymorphism", "exploring-polymorphism\exploring-polymorphism.vcxproj", "{02438A41-C6DB-433F-A95C-29600E2384FC}"
EndProject
Project("{8BC9CEB8-8B4A-11D0-8D11-00A0C91BC942}") = "exploring-files", "exploring-files\exploring-files.vcxproj", "{ECFB326E-FCF3-4EA3-A050-685FD1578A3A}"
EndProject
Project("{8BC9CEB8-8B4A-11D0-8D11-00A0C91BC942}") = "tables", "tables\tables.vcxproj", "{FB22E613-C772-4677-99AE-3D43C111656C}"
EndProject
Project("{8BC9CEB8-8B4A-11D0-8D11-00A0C91BC942}") = "average-sleep-time", "average-sleep-time\average-sleep-time.vcxproj", "{6D4A762E-3C4C-4705-AE42-9BA53ED6F069}"
EndProject
Project("{8BC9CEB8-8B4A-11D0-8D11-00A0C91BC942}") = "if-statements", "if-statements\if-statements.vcxproj", "{CFB7A3CD-81F9-4662-A1EE-FD6B09720BF1}"
EndProject
Project("{8BC9CEB8-8B4A-11D0-8D11-00A0C91BC942}") = "functions-exercise", "functions-exercise\functions-exercise.vcxproj", "{CFB6F95B-D7C3-4B0A-8EC1-8083777EE835}"
EndProject
Project("{8BC9CEB8-8B4A-11D0-8D11-00A0C91BC942}") = "classes-and-objects-exercise", "classes-and-objects-exercise\classes-and-objects-exercise.vcxproj", "{894200CD-5B23-4095-A182-800C9F595AE9}"
EndProject
Global
	GlobalSection(SolutionConfigurationPlatforms) = preSolution
		Debug|x64 = Debug|x64
		Debug|x86 = Debug|x86
		Release|x64 = Release|x64
		Release|x86 = Release|x86
	EndGlobalSection
	GlobalSection(ProjectConfigurationPlatforms) = postSolution
		{E7660C5D-9ED6-4473-BE5B-0F7B3B1B6126}.Debug|x64.ActiveCfg = Debug|x64
		{E7660C5D-9ED6-4473-BE5B-0F7B3B1B6126}.Debug|x64.Build.0 = Debug|x64
		{E7660C5D-9ED6-4473-BE5B-0F7B3B1B6126}.Debug|x86.ActiveCfg = Debug|Win32
		{E7660C5D-9ED6-4473-BE5B-0F7B3B1B6126}.Debug|x86.Build.0 = Debug|Win32
		{E7660C5D-9ED6-4473-BE5B-0F7B3B1B6126}.Release|x64.ActiveCfg = Release|x64
		{E7660C5D-9ED6-4473-BE5B-0F7B3B1B6126}.Release|x64.Build.0 = Release|x64
		{E7660C5D-9ED6-4473-BE5B-0F7B3B1B6126}.Release|x86.ActiveCfg = Release|Win32
		{E7660C5D-9ED6-4473-BE5B-0F7B3B1B6126}.Release|x86.Build.0 = Release|Win32
		{82551DBA-6806-42D7-A6EB-C37A49AFF68A}.Debug|x64.ActiveCfg = Debug|x64
		{82551DBA-6806-42D7-A6EB-C37A49AFF68A}.Debug|x64.Build.0 = Debug|x64
		{82551DBA-6806-42D7-A6EB-C37A49AFF68A}.Debug|x86.ActiveCfg = Debug|Win32
		{82551DBA-6806-42D7-A6EB-C37A49AFF68A}.Debug|x86.Build.0 = Debug|Win32
		{82551DBA-6806-42D7-A6EB-C37A49AFF68A}.Release|x64.ActiveCfg = Release|x64
		{82551DBA-6806-42D7-A6EB-C37A49AFF68A}.Release|x64.Build.0 = Release|x64
		{82551DBA-6806-42D7-A6EB-C37A49AFF68A}.Release|x86.ActiveCfg = Release|Win32
		{82551DBA-6806-42D7-A6EB-C37A49AFF68A}.Release|x86.Build.0 = Release|Win32
		{B07F7280-1E1C-4679-952C-7065899F428A}.Debug|x64.ActiveCfg = Debug|x64
		{B07F7280-1E1C-4679-952C-7065899F428A}.Debug|x64.Build.0 = Debug|x64
		{B07F7280-1E1C-4679-952C-7065899F428A}.Debug|x86.ActiveCfg = Debug|Win32
		{B07F7280-1E1C-4679-952C-7065899F428A}.Debug|x86.Build.0 = Debug|Win32
		{B07F7280-1E1C-4679-952C-7065899F428A}.Release|x64.ActiveCfg = Release|x64
		{B07F7280-1E1C-4679-952C-7065899F428A}.Release|x64.Build.0 = Release|x64
		{B07F7280-1E1C-4679-952C-7065899F428A}.Release|x86.ActiveCfg = Release|Win32
		{B07F7280-1E1C-4679-952C-7065899F428A}.Release|x86.Build.0 = Release|Win32
		{02438A41-C6DB-433F-A95C-29600E2384FC}.Debug|x64.ActiveCfg = Debug|x64
		{02438A41-C6DB-433F-A95C-29600E2384FC}.Debug|x64.Build.0 = Debug|x64
		{02438A41-C6DB-433F-A95C-29600E2384FC}.Debug|x86.ActiveCfg = Debug|Win32
		{02438A41-C6DB-433F-A95C-29600E2384FC}.Debug|x86.Build.0 = Debug|Win32
		{02438A41-C6DB-433F-A95C-29600E2384FC}.Release|x64.ActiveCfg = Release|x64
		{02438A41-C6DB-433F-A95C-29600E2384FC}.Release|x64.Build.0 = Release|x64
		{02438A41-C6DB-433F-A95C-29600E2384FC}.Release|x86.ActiveCfg = Release|Win32
		{02438A41-C6DB-433F-A95C-29600E2384FC}.Release|x86.Build.0 = Release|Win32
		{ECFB326E-FCF3-4EA3-A050-685FD1578A3A}.Debug|x64.ActiveCfg = Debug|x64
		{ECFB326E-FCF3-4EA3-A050-685FD1578A3A}.Debug|x64.Build.0 = Debug|x64
		{ECFB326E-FCF3-4EA3-A050-685FD1578A3A}.Debug|x86.ActiveCfg = Debug|Win32
		{ECFB326E-FCF3-4EA3-A050-685FD1578A3A}.Debug|x86.Build.0 = Debug|Win32
		{ECFB326E-FCF3-4EA3-A050-685FD1578A3A}.Release|x64.ActiveCfg = Release|x64
		{ECFB326E-FCF3-4EA3-A050-685FD1578A3A}.Release|x64.Build.0 = Release|x64
		{ECFB326E-FCF3-4EA3-A050-685FD1578A3A}.Release|x86.ActiveCfg = Release|Win32
		{ECFB326E-FCF3-4EA3-A050-685FD1578A3A}.Release|x86.Build.0 = Release|Win32
		{FB22E613-C772-4677-99AE-3D43C111656C}.Debug|x64.ActiveCfg = Debug|x64
		{FB22E613-C772-4677-99AE-3D43C111656C}.Debug|x64.Build.0 = Debug|x64
		{FB22E613-C772-4677-99AE-3D43C111656C}.Debug|x86.ActiveCfg = Debug|Win32
		{FB22E613-C772-4677-99AE-3D43C111656C}.Debug|x86.Build.0 = Debug|Win32
		{FB22E613-C772-4677-99AE-3D43C111656C}.Release|x64.ActiveCfg = Release|x64
		{FB22E613-C772-4677-99AE-3D43C111656C}.Release|x64.Build.0 = Release|x64
		{FB22E613-C772-4677-99AE-3D43C111656C}.Release|x86.ActiveCfg = Release|Win32
		{FB22E613-C772-4677-99AE-3D43C111656C}.Release|x86.Build.0 = Release|Win32
		{6D4A762E-3C4C-4705-AE42-9BA53ED6F069}.Debug|x64.ActiveCfg = Debug|x64
		{6D4A762E-3C4C-4705-AE42-9BA53ED6F069}.Debug|x64.Build.0 = Debug|x64
		{6D4A762E-3C4C-4705-AE42-9BA53ED6F069}.Debug|x86.ActiveCfg = Debug|Win32
		{6D4A762E-3C4C-4705-AE42-9BA53ED6F069}.Debug|x86.Build.0 = Debug|Win32
		{6D4A762E-3C4C-4705-AE42-9BA53ED6F069}.Release|x64.ActiveCfg = Release|x64
		{6D4A762E-3C4C-4705-AE42-9BA53ED6F069}.Release|x64.Build.0 = Release|x64
		{6D4A762E-3C4C-4705-AE42-9BA53ED6F069}.Release|x86.ActiveCfg = Release|Win32
		{6D4A762E-3C4C-4705-AE42-9BA53ED6F069}.Release|x86.Build.0 = Release|Win32
		{CFB7A3CD-81F9-4662-A1EE-FD6B09720BF1}.Debug|x64.ActiveCfg = Debug|x64
		{CFB7A3CD-81F9-4662-A1EE-FD6B09720BF1}.Debug|x64.Build.0 = Debug|x64
		{CFB7A3CD-81F9-4662-A1EE-FD6B09720BF1}.Debug|x86.ActiveCfg = Debug|Win32
		{CFB7A3CD-81F9-4662-A1EE-FD6B09720BF1}.Debug|x86.Build.0 = Debug|Win32
		{CFB7A3CD-81F9-4662-A1EE-FD6B09720BF1}.Release|x64.ActiveCfg = Release|x64
		{CFB7A3CD-81F9-4662-A1EE-FD6B09720BF1}.Release|x64.Build.0 = Release|x64
		{CFB7A3CD-81F9-4662-A1EE-FD6B09720BF1}.Release|x86.ActiveCfg = Release|Win32
		{CFB7A3CD-81F9-4662-A1EE-FD6B09720BF1}.Release|x86.Build.0 = Release|Win32
		{CFB6F95B-D7C3-4B0A-8EC1-8083777EE835}.Debug|x64.ActiveCfg = Debug|x64
		{CFB6F95B-D7C3-4B0A-8EC1-8083777EE835}.Debug|x64.Build.0 = Debug|x64
		{CFB6F95B-D7C3-4B0A-8EC1-8083777EE835}.Debug|x86.ActiveCfg = Debug|Win32
		{CFB6F95B-D7C3-4B0A-8EC1-8083777EE835}.Debug|x86.Build.0 = Debug|Win32
		{CFB6F95B-D7C3-4B0A-8EC1-8083777EE835}.Release|x64.ActiveCfg = Release|x64
		{CFB6F95B-D7C3-4B0A-8EC1-8083777EE835}.Release|x64.Build.0 = Release|x64
		{CFB6F95B-D7C3-4B0A-8EC1-8083777EE835}.Release|x86.ActiveCfg = Release|Win32
		{CFB6F95B-D7C3-4B0A-8EC1-8083777EE835}.Release|x86.Build.0 = Release|Win32
		{894200CD-5B23-4095-A182-800C9F595AE9}.Debug|x64.ActiveCfg = Debug|x64
		{894200CD-5B23-4095-A182-800C9F595AE9}.Debug|x64.Build.0 = Debug|x64
		{894200CD-5B23-4095-A182-800C9F595AE9}.Debug|x86.ActiveCfg = Debug|Win32
		{894200CD-5B23-4095-A182-800C9F595AE9}.Debug|x86.Build.0 = Debug|Win32
		{894200CD-5B23-4095-A182-800C9F595AE9}.Release|x64.ActiveCfg = Release|x64
		{894200CD-5B23-4095-A182-800C9F595AE9}.Release|x64.Build.0 = Release|x64
		{894200CD-5B23-4095-A182-800C9F595AE9}.Release|x86.ActiveCfg = Release|Win32
		{894200CD-5B23-4095-A182-800C9F595AE9}.Release|x86.Build.0 = Release|Win32
	EndGlobalSection
	GlobalSection(SolutionProperties) = preSolution
		HideSolutionNode = FALSE
	EndGlobalSection
	GlobalSection(ExtensibilityGlobals) = postSolution
		SolutionGuid = {6CAEDF32-2673-48C7-9F04-94F52FAECCAE}
	EndGlobalSection
EndGlobal
